
Microsoft Visual Studio Solution File, Format Version 12.00
# Visual Studio 2013
VisualStudioVersion = 12.0.31101.0
MinimumVisualStudioVersion = 10.0.40219.1
Project("{FAE04EC0-301F-11D3-BF4B-00C04F79EFBC}") = "ScreenNotificator.App", "ScreenNotificator.App\ScreenNotificator.App.csproj", "{AB3D9672-51B3-4883-A275-BC3389A5749C}"
EndProject
Project("{FAE04EC0-301F-11D3-BF4B-00C04F79EFBC}") = "ScreenNotificator.Common", "ScreenNotificator.Common\ScreenNotificator.Common.csproj", "{6593BDA3-AC16-4A1C-BA72-F105FAF2715D}"
EndProject
Global
	GlobalSection(SolutionConfigurationPlatforms) = preSolution
		Debug|Any CPU = Debug|Any CPU
		Debug|Mixed Platforms = Debug|Mixed Platforms
		Debug|x64 = Debug|x64
		Release|Any CPU = Release|Any CPU
		Release|Mixed Platforms = Release|Mixed Platforms
		Release|x64 = Release|x64
	EndGlobalSection
	GlobalSection(ProjectConfigurationPlatforms) = postSolution
		{AB3D9672-51B3-4883-A275-BC3389A5749C}.Debug|Any CPU.ActiveCfg = Debug|Any CPU
		{AB3D9672-51B3-4883-A275-BC3389A5749C}.Debug|Any CPU.Build.0 = Debug|Any CPU
		{AB3D9672-51B3-4883-A275-BC3389A5749C}.Debug|Mixed Platforms.ActiveCfg = Debug|Any CPU
		{AB3D9672-51B3-4883-A275-BC3389A5749C}.Debug|Mixed Platforms.Build.0 = Debug|Any CPU
		{AB3D9672-51B3-4883-A275-BC3389A5749C}.Debug|x64.ActiveCfg = Debug|x64
		{AB3D9672-51B3-4883-A275-BC3389A5749C}.Debug|x64.Build.0 = Debug|x64
		{AB3D9672-51B3-4883-A275-BC3389A5749C}.Release|Any CPU.ActiveCfg = Release|Any CPU
		{AB3D9672-51B3-4883-A275-BC3389A5749C}.Release|Any CPU.Build.0 = Release|Any CPU
		{AB3D9672-51B3-4883-A275-BC3389A5749C}.Release|Mixed Platforms.ActiveCfg = Release|Any CPU
		{AB3D9672-51B3-4883-A275-BC3389A5749C}.Release|Mixed Platforms.Build.0 = Release|Any CPU
		{AB3D9672-51B3-4883-A275-BC3389A5749C}.Release|x64.ActiveCfg = Release|x64
		{AB3D9672-51B3-4883-A275-BC3389A5749C}.Release|x64.Build.0 = Release|x64
		{6593BDA3-AC16-4A1C-BA72-F105FAF2715D}.Debug|Any CPU.ActiveCfg = Debug|Any CPU
		{6593BDA3-AC16-4A1C-BA72-F105FAF2715D}.Debug|Any CPU.Build.0 = Debug|Any CPU
		{6593BDA3-AC16-4A1C-BA72-F105FAF2715D}.Debug|Mixed Platforms.ActiveCfg = Debug|Any CPU
		{6593BDA3-AC16-4A1C-BA72-F105FAF2715D}.Debug|Mixed Platforms.Build.0 = Debug|Any CPU
		{6593BDA3-AC16-4A1C-BA72-F105FAF2715D}.Debug|x64.ActiveCfg = Debug|Any CPU
		{6593BDA3-AC16-4A1C-BA72-F105FAF2715D}.Release|Any CPU.ActiveCfg = Release|Any CPU
		{6593BDA3-AC16-4A1C-BA72-F105FAF2715D}.Release|Any CPU.Build.0 = Release|Any CPU
		{6593BDA3-AC16-4A1C-BA72-F105FAF2715D}.Release|Mixed Platforms.ActiveCfg = Release|Any CPU
		{6593BDA3-AC16-4A1C-BA72-F105FAF2715D}.Release|Mixed Platforms.Build.0 = Release|Any CPU
		{6593BDA3-AC16-4A1C-BA72-F105FAF2715D}.Release|x64.ActiveCfg = Release|Any CPU
	EndGlobalSection
	GlobalSection(SolutionProperties) = preSolution
		HideSolutionNode = FALSE
	EndGlobalSection
EndGlobal
